github.com/sashabaranov/go-openai v1.38.1 h1:TtZabbFQZa1nEni/IhVtDF/WQjVqDgd+cWR5OeddzF8=
github.com/sashabaranov/go-openai v1.38.1/go.mod h1:lj5b/K+zjTSFxVLijLSTDZuP7adOgerWeFyZLUhAKRg=
github.com/yuin/goldmark v1.7.8 h1:iERMLn0/QJeHFhxSt3p6PeN9mGnvIKSpG9YYorDMnic=
github.com/yuin/goldmark v1.7.8/go.mod h1:uzxRWxtg69N339t3louHJ7+O03ezfj6PlliRlaOzY1E=
